
Microsoft Visual Studio Solution File, Format Version 12.00
# Visual Studio 15
VisualStudioVersion = 15.0.27428.2011
MinimumVisualStudioVersion = 10.0.40219.1
Project("{FAE04EC0-301F-11D3-BF4B-00C04F79EFBC}") = "MyActivityTrackerBeta", "MyActivityTrackerBeta\MyActivityTrackerBeta.csproj", "{FFF14D0F-BA10-45A5-A863-9A64EC67FAFC}"
EndProject
Global
	GlobalSection(SolutionConfigurationPlatforms) = preSolution
		Debug|Any CPU = Debug|Any CPU
		Release|Any CPU = Release|Any CPU
	EndGlobalSection
	GlobalSection(ProjectConfigurationPlatforms) = postSolution
		{FFF14D0F-BA10-45A5-A863-9A64EC67FAFC}.Debug|Any CPU.ActiveCfg = Debug|Any CPU
		{FFF14D0F-BA10-45A5-A863-9A64EC67FAFC}.Debug|Any CPU.Build.0 = Debug|Any CPU
		{FFF14D0F-BA10-45A5-A863-9A64EC67FAFC}.Release|Any CPU.ActiveCfg = Release|Any CPU
		{FFF14D0F-BA10-45A5-A863-9A64EC67FAFC}.Release|Any CPU.Build.0 = Release|Any CPU
	EndGlobalSection
	GlobalSection(SolutionProperties) = preSolution
		HideSolutionNode = FALSE
	EndGlobalSection
	GlobalSection(ExtensibilityGlobals) = postSolution
		SolutionGuid = {FF66629B-6F39-46C9-9E45-C3E68974416D}
	EndGlobalSection
EndGlobal
